// !$*UTF8*$!
{
	archiveVersion = 1;
	classes = {
	};
	objectVersion = 48;
	objects = {

/* Begin PBXBuildFile section */
		EB00E60721A5D090005A86E9 /* AppDelegate.swift in Sources */ = {isa = PBXBuildFile; fileRef = EB00E60621A5D090005A86E9 /* AppDelegate.swift */; };
		EB00E60921A5D090005A86E9 /* ViewController.swift in Sources */ = {isa = PBXBuildFile; fileRef = EB00E60821A5D090005A86E9 /* ViewController.swift */; };
		EB00E60C21A5D090005A86E9 /* Main.storyboard in Resources */ = {isa = PBXBuildFile; fileRef = EB00E60A21A5D090005A86E9 /* Main.storyboard */; };
		EB00E60F21A5D090005A86E9 /* PokemonGO.xcdatamodeld in Sources */ = {isa = PBXBuildFile; fileRef = EB00E60D21A5D090005A86E9 /* PokemonGO.xcdatamodeld */; };
		EB00E61121A5D090005A86E9 /* Assets.xcassets in Resources */ = {isa = PBXBuildFile; fileRef = EB00E61021A5D090005A86E9 /* Assets.xcassets */; };
		EB00E61421A5D090005A86E9 /* LaunchScreen.storyboard in Resources */ = {isa = PBXBuildFile; fileRef = EB00E61221A5D090005A86E9 /* LaunchScreen.storyboard */; };
		EB00E61D21A5D814005A86E9 /* MapKit.framework in Frameworks */ = {isa = PBXBuildFile; fileRef = EB00E61C21A5D814005A86E9 /* MapKit.framework */; };
		EB00E61F21A5F5A8005A86E9 /* PokedexViewController.swift in Sources */ = {isa = PBXBuildFile; fileRef = EB00E61E21A5F5A8005A86E9 /* PokedexViewController.swift */; };
		EB00E62121A5F8B4005A86E9 /* Funciones.swift in Sources */ = {isa = PBXBuildFile; fileRef = EB00E62021A5F8B4005A86E9 /* Funciones.swift */; };
		EB00E62321A60A05005A86E9 /* PokePin.swift in Sources */ = {isa = PBXBuildFile; fileRef = EB00E62221A60A05005A86E9 /* PokePin.swift */; };
/* End PBXBuildFile section */

/* Begin PBXFileReference section */
		EB00E60321A5D090005A86E9 /* PokemonGO.app */ = {isa = PBXFileReference; explicitFileType = wrapper.application; includeInIndex = 0; path = PokemonGO.app; sourceTree = BUILT_PRODUCTS_DIR; };
		EB00E60621A5D090005A86E9 /* AppDelegate.swift */ = {isa = PBXFileReference; lastKnownFileType = sourcecode.swift; path = AppDelegate.swift; sourceTree = "<group>"; };
		EB00E60821A5D090005A86E9 /* ViewController.swift */ = {isa = PBXFileReference; lastKnownFileType = sourcecode.swift; path = ViewController.swift; sourceTree = "<group>"; };
		EB00E60B21A5D090005A86E9 /* Base */ = {isa = PBXFileReference; lastKnownFileType = file.storyboard; name = Base; path = Base.lproj/Main.storyboard; sourceTree = "<group>"; };
		EB00E60E21A5D090005A86E9 /* PokemonGO.xcdatamodel */ = {isa = PBXFileReference; lastKnownFileType = wrapper.xcdatamodel; path = PokemonGO.xcdatamodel; sourceTree = "<group>"; };
		EB00E61021A5D090005A86E9 /* Assets.xcassets */ = {isa = PBXFileReference; lastKnownFileType = folder.assetcatalog; path = Assets.xcassets; sourceTree = "<group>"; };
		EB00E61321A5D090005A86E9 /* Base */ = {isa = PBXFileReference; lastKnownFileType = file.storyboard; name = Base; path = Base.lproj/LaunchScreen.storyboard; sourceTree = "<group>"; };
		EB00E61521A5D090005A86E9 /* Info.plist */ = {isa = PBXFileReference; lastKnownFileType = text.plist.xml; path = Info.plist; sourceTree = "<group>"; };
		EB00E61C21A5D814005A86E9 /* MapKit.framework */ = {isa = PBXFileReference; lastKnownFileType = wrapper.framework; name = MapKit.framework; path = System/Library/Frameworks/MapKit.framework; sourceTree = SDKROOT; };
		EB00E61E21A5F5A8005A86E9 /* PokedexViewController.swift */ = {isa = PBXFileReference; lastKnownFileType = sourcecode.swift; path = PokedexViewController.swift; sourceTree = "<group>"; };
		EB00E62021A5F8B4005A86E9 /* Funciones.swift */ = {isa = PBXFileReference; lastKnownFileType = sourcecode.swift; path = Funciones.swift; sourceTree = "<group>"; };
		EB00E62221A60A05005A86E9 /* PokePin.swift */ = {isa = PBXFileReference; lastKnownFileType = sourcecode.swift; path = PokePin.swift; sourceTree = "<group>"; };
/* End PBXFileReference section */

/* Begin PBXFrameworksBuildPhase section */
		EB00E60021A5D090005A86E9 /* Frameworks */ = {
			isa = PBXFrameworksBuildPhase;
			buildActionMask = 2147483647;
			files = (
				EB00E61D21A5D814005A86E9 /* MapKit.framework in Frameworks */,
			);
			runOnlyForDeploymentPostprocessing = 0;
		};
/* End PBXFrameworksBuildPhase section */

/* Begin PBXGroup section */
		EB00E5FA21A5D090005A86E9 = {
			isa = PBXGroup;
			children = (
				EB00E60521A5D090005A86E9 /* PokemonGO */,
				EB00E60421A5D090005A86E9 /* Products */,
				EB00E61B21A5D814005A86E9 /* Frameworks */,
			);
			sourceTree = "<group>";
		};
		EB00E60421A5D090005A86E9 /* Products */ = {
			isa = PBXGroup;
			children = (
				EB00E60321A5D090005A86E9 /* PokemonGO.app */,
			);
			name = Products;
			sourceTree = "<group>";
		};
		EB00E60521A5D090005A86E9 /* PokemonGO */ = {
			isa = PBXGroup;
			children = (
				EB00E60621A5D090005A86E9 /* AppDelegate.swift */,
				EB00E60821A5D090005A86E9 /* ViewController.swift */,
				EB00E61021A5D090005A86E9 /* Assets.xcassets */,
				EB00E61221A5D090005A86E9 /* LaunchScreen.storyboard */,
				EB00E61521A5D090005A86E9 /* Info.plist */,
				EB00E60A21A5D090005A86E9 /* Main.storyboard */,
				EB00E60D21A5D090005A86E9 /* PokemonGO.xcdatamodeld */,
				EB00E61E21A5F5A8005A86E9 /* PokedexViewController.swift */,
				EB00E62021A5F8B4005A86E9 /* Funciones.swift */,
				EB00E62221A60A05005A86E9 /* PokePin.swift */,
			);
			path = PokemonGO;
			sourceTree = "<group>";
		};
		EB00E61B21A5D814005A86E9 /* Frameworks */ = {
			isa = PBXGroup;
			children = (
				EB00E61C21A5D814005A86E9 /* MapKit.framework */,
			);
			name = Frameworks;
			sourceTree = "<group>";
		};
/* End PBXGroup section */

/* Begin PBXNativeTarget section */
		EB00E60221A5D090005A86E9 /* PokemonGO */ = {
			isa = PBXNativeTarget;
			buildConfigurationList = EB00E61821A5D090005A86E9 /* Build configuration list for PBXNativeTarget "PokemonGO" */;
			buildPhases = (
				EB00E5FF21A5D090005A86E9 /* Sources */,
				EB00E60021A5D090005A86E9 /* Frameworks */,
				EB00E60121A5D090005A86E9 /* Resources */,
			);
			buildRules = (
			);
			dependencies = (
			);
			name = PokemonGO;
			productName = PokemonGO;
			productReference = EB00E60321A5D090005A86E9 /* PokemonGO.app */;
			productType = "com.apple.product-type.application";
		};
/* End PBXNativeTarget section */

/* Begin PBXProject section */
		EB00E5FB21A5D090005A86E9 /* Project object */ = {
			isa = PBXProject;
			attributes = {
				LastSwiftUpdateCheck = 0920;
				LastUpgradeCheck = 0920;
				ORGANIZATIONNAME = Tecsup;
				TargetAttributes = {
					EB00E60221A5D090005A86E9 = {
						CreatedOnToolsVersion = 9.2;
						ProvisioningStyle = Automatic;
					};
				};
			};
			buildConfigurationList = EB00E5FE21A5D090005A86E9 /* Build configuration list for PBXProject "PokemonGO" */;
			compatibilityVersion = "Xcode 8.0";
			developmentRegion = en;
			hasScannedForEncodings = 0;
			knownRegions = (
				en,
				Base,
			);
			mainGroup = EB00E5FA21A5D090005A86E9;
			productRefGroup = EB00E60421A5D090005A86E9 /* Products */;
			projectDirPath = "";
			projectRoot = "";
			targets = (
				EB00E60221A5D090005A86E9 /* PokemonGO */,
			);
		};
/* End PBXProject section */

/* Begin PBXResourcesBuildPhase section */
		EB00E60121A5D090005A86E9 /* Resources */ = {
			isa = PBXResourcesBuildPhase;
			buildActionMask = 2147483647;
			files = (
				EB00E61421A5D090005A86E9 /* LaunchScreen.storyboard in Resources */,
				EB00E61121A5D090005A86E9 /* Assets.xcassets in Resources */,
				EB00E60C21A5D090005A86E9 /* Main.storyboard in Resources */,
			);
			runOnlyForDeploymentPostprocessing = 0;
		};
/* End PBXResourcesBuildPhase section */

/* Begin PBXSourcesBuildPhase section */
		EB00E5FF21A5D090005A86E9 /* Sources */ = {
			isa = PBXSourcesBuildPhase;
			buildActionMask = 2147483647;
			files = (
				EB00E62321A60A05005A86E9 /* PokePin.swift in Sources */,
				EB00E60921A5D090005A86E9 /* ViewController.swift in Sources */,
				EB00E61F21A5F5A8005A86E9 /* PokedexViewController.swift in Sources */,
				EB00E60F21A5D090005A86E9 /* PokemonGO.xcdatamodeld in Sources */,
				EB00E60721A5D090005A86E9 /* AppDelegate.swift in Sources */,
				EB00E62121A5F8B4005A86E9 /* Funciones.swift in Sources */,
			);
			runOnlyForDeploymentPostprocessing = 0;
		};
/* End PBXSourcesBuildPhase section */

/* Begin PBXVariantGroup section */
		EB00E60A21A5D090005A86E9 /* Main.storyboard */ = {
			isa = PBXVariantGroup;
			children = (
				EB00E60B21A5D090005A86E9 /* Base */,
			);
			name = Main.storyboard;
			sourceTree = "<group>";
		};
		EB00E61221A5D090005A86E9 /* LaunchScreen.storyboard */ = {
			isa = PBXVariantGroup;
			children = (
				EB00E61321A5D090005A86E9 /* Base */,
			);
			name = LaunchScreen.storyboard;
			sourceTree = "<group>";
		};
/* End PBXVariantGroup section */

/* Begin XCBuildConfiguration section */
		EB00E61621A5D090005A86E9 /* Debug */ = {
			isa = XCBuildConfiguration;
			buildSettings = {
				ALWAYS_SEARCH_USER_PATHS = NO;
				CLANG_ANALYZER_NONNULL = YES;
				CLANG_ANALYZER_NUMBER_OBJECT_CONVERSION = YES_AGGRESSIVE;
				CLANG_CXX_LANGUAGE_STANDARD = "gnu++14";
				CLANG_CXX_LIBRARY = "libc++";
				CLANG_ENABLE_MODULES = YES;
				CLANG_ENABLE_OBJC_ARC = YES;
				CLANG_WARN_BLOCK_CAPTURE_AUTORELEASING = YES;
				CLANG_WARN_BOOL_CONVERSION = YES;
				CLANG_WARN_COMMA = YES;
				CLANG_WARN_CONSTANT_CONVERSION = YES;
				CLANG_WARN_DIRECT_OBJC_ISA_USAGE = YES_ERROR;
				CLANG_WARN_DOCUMENTATION_COMMENTS = YES;
				CLANG_WARN_EMPTY_BODY = YES;
				CLANG_WARN_ENUM_CONVERSION = YES;
				CLANG_WARN_INFINITE_RECURSION = YES;
				CLANG_WARN_INT_CONVERSION = YES;
				CLANG_WARN_NON_LITERAL_NULL_CONVERSION = YES;
				CLANG_WARN_OBJC_LITERAL_CONVERSION = YES;
				CLANG_WARN_OBJC_ROOT_CLASS = YES_ERROR;
				CLANG_WARN_RANGE_LOOP_ANALYSIS = YES;
				CLANG_WARN_STRICT_PROTOTYPES = YES;
				CLANG_WARN_SUSPICIOUS_MOVE = YES;
				CLANG_WARN_UNGUARDED_AVAILABILITY = YES_AGGRESSIVE;
				CLANG_WARN_UNREACHABLE_CODE = YES;
				CLANG_WARN__DUPLICATE_METHOD_MATCH = YES;
				CODE_SIGN_IDENTITY = "iPhone Developer";
				COPY_PHASE_STRIP = NO;
				DEBUG_INFORMATION_FORMAT = dwarf;
				ENABLE_STRICT_OBJC_MSGSEND = YES;
				ENABLE_TESTABILITY = YES;
				GCC_C_LANGUAGE_STANDARD = gnu11;
				GCC_DYNAMIC_NO_PIC = NO;
				GCC_NO_COMMON_BLOCKS = YES;
				GCC_OPTIMIZATION_LEVEL = 0;
				GCC_PREPROCESSOR_DEFINITIONS = (
					"DEBUG=1",
					"$(inherited)",
				);
				GCC_WARN_64_TO_32_BIT_CONVERSION = YES;
				GCC_WARN_ABOUT_RETURN_TYPE = YES_ERROR;
				GCC_WARN_UNDECLARED_SELECTOR = YES;
				GCC_WARN_UNINITIALIZED_AUTOS = YES_AGGRESSIVE;
				GCC_WARN_UNUSED_FUNCTION = YES;
				GCC_WARN_UNUSED_VARIABLE = YES;
				IPHONEOS_DEPLOYMENT_TARGET = 11.2;
				MTL_ENABLE_DEBUG_INFO = YES;
				ONLY_ACTIVE_ARCH = YES;
				SDKROOT = iphoneos;
				SWIFT_ACTIVE_COMPILATION_CONDITIONS = DEBUG;
				SWIFT_OPTIMIZATION_LEVEL = "-Onone";
			};
			name = Debug;
		};
		EB00E61721A5D090005A86E9 /* Release */ = {
			isa = XCBuildConfiguration;
			buildSettings = {
				ALWAYS_SEARCH_USER_PATHS = NO;
				CLANG_ANALYZER_NONNULL = YES;
				CLANG_ANALYZER_NUMBER_OBJECT_CONVERSION = YES_AGGRESSIVE;
				CLANG_CXX_LANGUAGE_STANDARD = "gnu++14";
				CLANG_CXX_LIBRARY = "libc++";
				CLANG_ENABLE_MODULES = YES;
				CLANG_ENABLE_OBJC_ARC = YES;
				CLANG_WARN_BLOCK_CAPTURE_AUTORELEASING = YES;
				CLANG_WARN_BOOL_CONVERSION = YES;
				CLANG_WARN_COMMA = YES;
				CLANG_WARN_CONSTANT_CONVERSION = YES;
				CLANG_WARN_DIRECT_OBJC_ISA_USAGE = YES_ERROR;
				CLANG_WARN_DOCUMENTATION_COMMENTS = YES;
				CLANG_WARN_EMPTY_BODY = YES;
				CLANG_WARN_ENUM_CONVERSION = YES;
				CLANG_WARN_INFINITE_RECURSION = YES;
				CLANG_WARN_INT_CONVERSION = YES;
				CLANG_WARN_NON_LITERAL_NULL_CONVERSION = YES;
				CLANG_WARN_OBJC_LITERAL_CONVERSION = YES;
				CLANG_WARN_OBJC_ROOT_CLASS = YES_ERROR;
				CLANG_WARN_RANGE_LOOP_ANALYSIS = YES;
				CLANG_WARN_STRICT_PROTOTYPES = YES;
				CLANG_WARN_SUSPICIOUS_MOVE = YES;
				CLANG_WARN_UNGUARDED_AVAILABILITY = YES_AGGRESSIVE;
				CLANG_WARN_UNREACHABLE_CODE = YES;
				CLANG_WARN__DUPLICATE_METHOD_MATCH = YES;
				CODE_SIGN_IDENTITY = "iPhone Developer";
				COPY_PHASE_STRIP = NO;
				DEBUG_INFORMATION_FORMAT = "dwarf-with-dsym";
				ENABLE_NS_ASSERTIONS = NO;
				ENABLE_STRICT_OBJC_MSGSEND = YES;
				GCC_C_LANGUAGE_STANDARD = gnu11;
				GCC_NO_COMMON_BLOCKS = YES;
				GCC_WARN_64_TO_32_BIT_CONVERSION = YES;
				GCC_WARN_ABOUT_RETURN_TYPE = YES_ERROR;
				GCC_WARN_UNDECLARED_SELECTOR = YES;
				GCC_WARN_UNINITIALIZED_AUTOS = YES_AGGRESSIVE;
				GCC_WARN_UNUSED_FUNCTION = YES;
				GCC_WARN_UNUSED_VARIABLE = YES;
				IPHONEOS_DEPLOYMENT_TARGET = 11.2;
				MTL_ENABLE_DEBUG_INFO = NO;
				SDKROOT = iphoneos;
				SWIFT_OPTIMIZATION_LEVEL = "-Owholemodule";
				VALIDATE_PRODUCT = YES;
			};
			name = Release;
		};
		EB00E61921A5D090005A86E9 /* Debug */ = {
			isa = XCBuildConfiguration;
			buildSettings = {
				ASSETCATALOG_COMPILER_APPICON_NAME = AppIcon;
				CODE_SIGN_STYLE = Automatic;
				INFOPLIST_FILE = PokemonGO/Info.plist;
				LD_RUNPATH_SEARCH_PATHS = "$(inherited) @executable_path/Frameworks";
				PRODUCT_BUNDLE_IDENTIFIER = com.bazan.PokemonGO;
				PRODUCT_NAME = "$(TARGET_NAME)";
				SWIFT_VERSION = 4.0;
				TARGETED_DEVICE_FAMILY = "1,2";
			};
			name = Debug;
		};
		EB00E61A21A5D090005A86E9 /* Release */ = {
			isa = XCBuildConfiguration;
			buildSettings = {
				ASSETCATALOG_COMPILER_APPICON_NAME = AppIcon;
				CODE_SIGN_STYLE = Automatic;
				INFOPLIST_FILE = PokemonGO/Info.plist;
				LD_RUNPATH_SEARCH_PATHS = "$(inherited) @executable_path/Frameworks";
				PRODUCT_BUNDLE_IDENTIFIER = com.bazan.PokemonGO;
				PRODUCT_NAME = "$(TARGET_NAME)";
				SWIFT_VERSION = 4.0;
				TARGETED_DEVICE_FAMILY = "1,2";
			};
			name = Release;
		};
/* End XCBuildConfiguration section */

/* Begin XCConfigurationList section */
		EB00E5FE21A5D090005A86E9 /* Build configuration list for PBXProject "PokemonGO" */ = {
			isa = XCConfigurationList;
			buildConfigurations = (
				EB00E61621A5D090005A86E9 /* Debug */,
				EB00E61721A5D090005A86E9 /* Release */,
			);
			defaultConfigurationIsVisible = 0;
			defaultConfigurationName = Release;
		};
		EB00E61821A5D090005A86E9 /* Build configuration list for PBXNativeTarget "PokemonGO" */ = {
			isa = XCConfigurationList;
			buildConfigurations = (
				EB00E61921A5D090005A86E9 /* Debug */,
				EB00E61A21A5D090005A86E9 /* Release */,
			);
			defaultConfigurationIsVisible = 0;
			defaultConfigurationName = Release;
		};
/* End XCConfigurationList section */

/* Begin XCVersionGroup section */
		EB00E60D21A5D090005A86E9 /* PokemonGO.xcdatamodeld */ = {
			isa = XCVersionGroup;
			children = (
				EB00E60E21A5D090005A86E9 /* PokemonGO.xcdatamodel */,
			);
			currentVersion = EB00E60E21A5D090005A86E9 /* PokemonGO.xcdatamodel */;
			path = PokemonGO.xcdatamodeld;
			sourceTree = "<group>";
			versionGroupType = wrapper.xcdatamodel;
		};
/* End XCVersionGroup section */
	};
	rootObject = EB00E5FB21A5D090005A86E9 /* Project object */;
}
